// !$*UTF8*$!
{
	archiveVersion = 1;
	classes = {
	};
	objectVersion = 50;
	objects = {

/* Begin PBXBuildFile section */
		9F4C65022468F35D00046CCD /* Colors.swift in Sources */ = {isa = PBXBuildFile; fileRef = 9F4C65012468F35D00046CCD /* Colors.swift */; };
		9F4C650924691CB300046CCD /* ColorsViewModel.swift in Sources */ = {isa = PBXBuildFile; fileRef = 9F4C650824691CB300046CCD /* ColorsViewModel.swift */; };
		9F92F708246B268B001C88B2 /* IshiharaTestViewModel.swift in Sources */ = {isa = PBXBuildFile; fileRef = 9F92F707246B268B001C88B2 /* IshiharaTestViewModel.swift */; };
		9F92F70A246B8C5E001C88B2 /* Ishihara.swift in Sources */ = {isa = PBXBuildFile; fileRef = 9F92F709246B8C5E001C88B2 /* Ishihara.swift */; };
		9F92F70D246BB700001C88B2 /* IshiharaResult.storyboard in Resources */ = {isa = PBXBuildFile; fileRef = 9F92F70C246BB700001C88B2 /* IshiharaResult.storyboard */; };
		9F92F70F246BB814001C88B2 /* IshiharaResultViewController.swift in Sources */ = {isa = PBXBuildFile; fileRef = 9F92F70E246BB814001C88B2 /* IshiharaResultViewController.swift */; };
		9FC287FD24694278000BBA34 /* IshiharaTestViewController.swift in Sources */ = {isa = PBXBuildFile; fileRef = 9FC287FC24694278000BBA34 /* IshiharaTestViewController.swift */; };
		9FC950FF24669E9100E4F6BE /* AppDelegate.swift in Sources */ = {isa = PBXBuildFile; fileRef = 9FC950FE24669E9100E4F6BE /* AppDelegate.swift */; };
		9FC9510124669E9100E4F6BE /* SceneDelegate.swift in Sources */ = {isa = PBXBuildFile; fileRef = 9FC9510024669E9100E4F6BE /* SceneDelegate.swift */; };
		9FC9510324669E9100E4F6BE /* ViewController.swift in Sources */ = {isa = PBXBuildFile; fileRef = 9FC9510224669E9100E4F6BE /* ViewController.swift */; };
		9FC9510624669E9100E4F6BE /* IshiharaTest.storyboard in Resources */ = {isa = PBXBuildFile; fileRef = 9FC9510424669E9100E4F6BE /* IshiharaTest.storyboard */; };
		9FC9510824669E9800E4F6BE /* Assets.xcassets in Resources */ = {isa = PBXBuildFile; fileRef = 9FC9510724669E9800E4F6BE /* Assets.xcassets */; };
		9FC9510B24669E9800E4F6BE /* LaunchScreen.storyboard in Resources */ = {isa = PBXBuildFile; fileRef = 9FC9510924669E9800E4F6BE /* LaunchScreen.storyboard */; };
		9FE2F793246A5BBF00831E70 /* Coordinator.swift in Sources */ = {isa = PBXBuildFile; fileRef = 9FE2F792246A5BBF00831E70 /* Coordinator.swift */; };
		9FE2F795246A617200831E70 /* Storyboarded.swift in Sources */ = {isa = PBXBuildFile; fileRef = 9FE2F794246A617200831E70 /* Storyboarded.swift */; };
		9FE2F797246A667900831E70 /* MainCoordinator.swift in Sources */ = {isa = PBXBuildFile; fileRef = 9FE2F796246A667900831E70 /* MainCoordinator.swift */; };
		9FE2F799246A74ED00831E70 /* Main.storyboard in Resources */ = {isa = PBXBuildFile; fileRef = 9FE2F798246A74ED00831E70 /* Main.storyboard */; };
		9FE2F79B246A7F4400831E70 /* Contents.swift in Sources */ = {isa = PBXBuildFile; fileRef = 9FE2F79A246A7F4400831E70 /* Contents.swift */; };
/* End PBXBuildFile section */

/* Begin PBXFileReference section */
		9F4C65012468F35D00046CCD /* Colors.swift */ = {isa = PBXFileReference; lastKnownFileType = sourcecode.swift; path = Colors.swift; sourceTree = "<group>"; };
		9F4C650824691CB300046CCD /* ColorsViewModel.swift */ = {isa = PBXFileReference; lastKnownFileType = sourcecode.swift; path = ColorsViewModel.swift; sourceTree = "<group>"; };
		9F92F707246B268B001C88B2 /* IshiharaTestViewModel.swift */ = {isa = PBXFileReference; lastKnownFileType = sourcecode.swift; path = IshiharaTestViewModel.swift; sourceTree = "<group>"; };
		9F92F709246B8C5E001C88B2 /* Ishihara.swift */ = {isa = PBXFileReference; lastKnownFileType = sourcecode.swift; path = Ishihara.swift; sourceTree = "<group>"; };
		9F92F70C246BB700001C88B2 /* IshiharaResult.storyboard */ = {isa = PBXFileReference; lastKnownFileType = file.storyboard; path = IshiharaResult.storyboard; sourceTree = "<group>"; };
		9F92F70E246BB814001C88B2 /* IshiharaResultViewController.swift */ = {isa = PBXFileReference; lastKnownFileType = sourcecode.swift; path = IshiharaResultViewController.swift; sourceTree = "<group>"; };
		9FC287FC24694278000BBA34 /* IshiharaTestViewController.swift */ = {isa = PBXFileReference; lastKnownFileType = sourcecode.swift; path = IshiharaTestViewController.swift; sourceTree = "<group>"; };
		9FC950FB24669E9100E4F6BE /* BeyondColors.app */ = {isa = PBXFileReference; explicitFileType = wrapper.application; includeInIndex = 0; path = BeyondColors.app; sourceTree = BUILT_PRODUCTS_DIR; };
		9FC950FE24669E9100E4F6BE /* AppDelegate.swift */ = {isa = PBXFileReference; lastKnownFileType = sourcecode.swift; path = AppDelegate.swift; sourceTree = "<group>"; };
		9FC9510024669E9100E4F6BE /* SceneDelegate.swift */ = {isa = PBXFileReference; lastKnownFileType = sourcecode.swift; path = SceneDelegate.swift; sourceTree = "<group>"; };
		9FC9510224669E9100E4F6BE /* ViewController.swift */ = {isa = PBXFileReference; lastKnownFileType = sourcecode.swift; path = ViewController.swift; sourceTree = "<group>"; };
		9FC9510524669E9100E4F6BE /* Base */ = {isa = PBXFileReference; lastKnownFileType = file.storyboard; name = Base; path = Base.lproj/IshiharaTest.storyboard; sourceTree = "<group>"; };
		9FC9510724669E9800E4F6BE /* Assets.xcassets */ = {isa = PBXFileReference; lastKnownFileType = folder.assetcatalog; path = Assets.xcassets; sourceTree = "<group>"; };
		9FC9510A24669E9800E4F6BE /* Base */ = {isa = PBXFileReference; lastKnownFileType = file.storyboard; name = Base; path = Base.lproj/LaunchScreen.storyboard; sourceTree = "<group>"; };
		9FC9510C24669E9800E4F6BE /* Info.plist */ = {isa = PBXFileReference; lastKnownFileType = text.plist.xml; path = Info.plist; sourceTree = "<group>"; };
		9FE2F792246A5BBF00831E70 /* Coordinator.swift */ = {isa = PBXFileReference; lastKnownFileType = sourcecode.swift; path = Coordinator.swift; sourceTree = "<group>"; };
		9FE2F794246A617200831E70 /* Storyboarded.swift */ = {isa = PBXFileReference; lastKnownFileType = sourcecode.swift; path = Storyboarded.swift; sourceTree = "<group>"; };
		9FE2F796246A667900831E70 /* MainCoordinator.swift */ = {isa = PBXFileReference; lastKnownFileType = sourcecode.swift; path = MainCoordinator.swift; sourceTree = "<group>"; };
		9FE2F798246A74ED00831E70 /* Main.storyboard */ = {isa = PBXFileReference; lastKnownFileType = file.storyboard; path = Main.storyboard; sourceTree = "<group>"; };
		9FE2F79A246A7F4400831E70 /* Contents.swift */ = {isa = PBXFileReference; lastKnownFileType = sourcecode.swift; path = Contents.swift; sourceTree = "<group>"; };
/* End PBXFileReference section */

/* Begin PBXFrameworksBuildPhase section */
		9FC950F824669E9100E4F6BE /* Frameworks */ = {
			isa = PBXFrameworksBuildPhase;
			buildActionMask = 2147483647;
			files = (
			);
			runOnlyForDeploymentPostprocessing = 0;
		};
/* End PBXFrameworksBuildPhase section */

/* Begin PBXGroup section */
		9F4C650324691A2900046CCD /* Model */ = {
			isa = PBXGroup;
			children = (
				9F4C65012468F35D00046CCD /* Colors.swift */,
				9F92F709246B8C5E001C88B2 /* Ishihara.swift */,
			);
			path = Model;
			sourceTree = "<group>";
		};
		9F4C650524691A8200046CCD /* ViewModel */ = {
			isa = PBXGroup;
			children = (
				9F4C650824691CB300046CCD /* ColorsViewModel.swift */,
				9F92F707246B268B001C88B2 /* IshiharaTestViewModel.swift */,
			);
			path = ViewModel;
			sourceTree = "<group>";
		};
		9F4C650624691A9700046CCD /* View */ = {
			isa = PBXGroup;
			children = (
				9F92F70B246BB3C1001C88B2 /* ViewController */,
				9FE2F798246A74ED00831E70 /* Main.storyboard */,
				9FC9510424669E9100E4F6BE /* IshiharaTest.storyboard */,
				9F92F70C246BB700001C88B2 /* IshiharaResult.storyboard */,
			);
			path = View;
			sourceTree = "<group>";
		};
		9F92F70B246BB3C1001C88B2 /* ViewController */ = {
			isa = PBXGroup;
			children = (
				9FC9510224669E9100E4F6BE /* ViewController.swift */,
				9FC287FC24694278000BBA34 /* IshiharaTestViewController.swift */,
				9F92F70E246BB814001C88B2 /* IshiharaResultViewController.swift */,
			);
			path = ViewController;
			sourceTree = "<group>";
		};
		9FC950F224669E9100E4F6BE = {
			isa = PBXGroup;
			children = (
				9FC950FD24669E9100E4F6BE /* BeyondColors */,
				9FC950FC24669E9100E4F6BE /* Products */,
			);
			sourceTree = "<group>";
		};
		9FC950FC24669E9100E4F6BE /* Products */ = {
			isa = PBXGroup;
			children = (
				9FC950FB24669E9100E4F6BE /* BeyondColors.app */,
			);
			name = Products;
			sourceTree = "<group>";
		};
		9FC950FD24669E9100E4F6BE /* BeyondColors */ = {
			isa = PBXGroup;
			children = (
				9FE2F791246A5B7D00831E70 /* Coordinator */,
				9F4C650624691A9700046CCD /* View */,
				9F4C650524691A8200046CCD /* ViewModel */,
				9F4C650324691A2900046CCD /* Model */,
				9FC950FE24669E9100E4F6BE /* AppDelegate.swift */,
				9FC9510024669E9100E4F6BE /* SceneDelegate.swift */,
				9FC9510724669E9800E4F6BE /* Assets.xcassets */,
				9FC9510924669E9800E4F6BE /* LaunchScreen.storyboard */,
				9FC9510C24669E9800E4F6BE /* Info.plist */,
			);
			path = BeyondColors;
			sourceTree = "<group>";
		};
		9FE2F791246A5B7D00831E70 /* Coordinator */ = {
			isa = PBXGroup;
			children = (
				9FE2F792246A5BBF00831E70 /* Coordinator.swift */,
				9FE2F794246A617200831E70 /* Storyboarded.swift */,
				9FE2F796246A667900831E70 /* MainCoordinator.swift */,
				9FE2F79A246A7F4400831E70 /* Contents.swift */,
			);
			path = Coordinator;
			sourceTree = "<group>";
		};
/* End PBXGroup section */

/* Begin PBXNativeTarget section */
		9FC950FA24669E9100E4F6BE /* BeyondColors */ = {
			isa = PBXNativeTarget;
			buildConfigurationList = 9FC9510F24669E9800E4F6BE /* Build configuration list for PBXNativeTarget "BeyondColors" */;
			buildPhases = (
				9FC950F724669E9100E4F6BE /* Sources */,
				9FC950F824669E9100E4F6BE /* Frameworks */,
				9FC950F924669E9100E4F6BE /* Resources */,
			);
			buildRules = (
			);
			dependencies = (
			);
			name = BeyondColors;
			productName = BeyondColors;
			productReference = 9FC950FB24669E9100E4F6BE /* BeyondColors.app */;
			productType = "com.apple.product-type.application";
		};
/* End PBXNativeTarget section */

/* Begin PBXProject section */
		9FC950F324669E9100E4F6BE /* Project object */ = {
			isa = PBXProject;
			attributes = {
				LastSwiftUpdateCheck = 1130;
				LastUpgradeCheck = 1130;
				ORGANIZATIONNAME = "Diego Ribeiro";
				TargetAttributes = {
					9FC950FA24669E9100E4F6BE = {
						CreatedOnToolsVersion = 11.3.1;
					};
				};
			};
			buildConfigurationList = 9FC950F624669E9100E4F6BE /* Build configuration list for PBXProject "BeyondColors" */;
			compatibilityVersion = "Xcode 9.3";
			developmentRegion = en;
			hasScannedForEncodings = 0;
			knownRegions = (
				en,
				Base,
			);
			mainGroup = 9FC950F224669E9100E4F6BE;
			productRefGroup = 9FC950FC24669E9100E4F6BE /* Products */;
			projectDirPath = "";
			projectRoot = "";
			targets = (
				9FC950FA24669E9100E4F6BE /* BeyondColors */,
			);
		};
/* End PBXProject section */

/* Begin PBXResourcesBuildPhase section */
		9FC950F924669E9100E4F6BE /* Resources */ = {
			isa = PBXResourcesBuildPhase;
			buildActionMask = 2147483647;
			files = (
				9FC9510B24669E9800E4F6BE /* LaunchScreen.storyboard in Resources */,
				9FC9510824669E9800E4F6BE /* Assets.xcassets in Resources */,
				9FC9510624669E9100E4F6BE /* IshiharaTest.storyboard in Resources */,
				9FE2F799246A74ED00831E70 /* Main.storyboard in Resources */,
				9F92F70D246BB700001C88B2 /* IshiharaResult.storyboard in Resources */,
			);
			runOnlyForDeploymentPostprocessing = 0;
		};
/* End PBXResourcesBuildPhase section */

/* Begin PBXSourcesBuildPhase section */
		9FC950F724669E9100E4F6BE /* Sources */ = {
			isa = PBXSourcesBuildPhase;
			buildActionMask = 2147483647;
			files = (
				9FC9510324669E9100E4F6BE /* ViewController.swift in Sources */,
				9F92F70F246BB814001C88B2 /* IshiharaResultViewController.swift in Sources */,
				9FE2F79B246A7F4400831E70 /* Contents.swift in Sources */,
				9F4C65022468F35D00046CCD /* Colors.swift in Sources */,
				9FC287FD24694278000BBA34 /* IshiharaTestViewController.swift in Sources */,
				9FC950FF24669E9100E4F6BE /* AppDelegate.swift in Sources */,
				9FC9510124669E9100E4F6BE /* SceneDelegate.swift in Sources */,
				9F4C650924691CB300046CCD /* ColorsViewModel.swift in Sources */,
				9F92F708246B268B001C88B2 /* IshiharaTestViewModel.swift in Sources */,
				9F92F70A246B8C5E001C88B2 /* Ishihara.swift in Sources */,
				9FE2F793246A5BBF00831E70 /* Coordinator.swift in Sources */,
				9FE2F797246A667900831E70 /* MainCoordinator.swift in Sources */,
				9FE2F795246A617200831E70 /* Storyboarded.swift in Sources */,
			);
			runOnlyForDeploymentPostprocessing = 0;
		};
/* End PBXSourcesBuildPhase section */

/* Begin PBXVariantGroup section */
		9FC9510424669E9100E4F6BE /* IshiharaTest.storyboard */ = {
			isa = PBXVariantGroup;
			children = (
				9FC9510524669E9100E4F6BE /* Base */,
			);
			name = IshiharaTest.storyboard;
			sourceTree = "<group>";
		};
		9FC9510924669E9800E4F6BE /* LaunchScreen.storyboard */ = {
			isa = PBXVariantGroup;
			children = (
				9FC9510A24669E9800E4F6BE /* Base */,
			);
			name = LaunchScreen.storyboard;
			sourceTree = "<group>";
		};
/* End PBXVariantGroup section */

/* Begin XCBuildConfiguration section */
		9FC9510D24669E9800E4F6BE /* Debug */ = {
			isa = XCBuildConfiguration;
			buildSettings = {
				ALWAYS_SEARCH_USER_PATHS = NO;
				CLANG_ANALYZER_NONNULL = YES;
				CLANG_ANALYZER_NUMBER_OBJECT_CONVERSION = YES_AGGRESSIVE;
				CLANG_CXX_LANGUAGE_STANDARD = "gnu++14";
				CLANG_CXX_LIBRARY = "libc++";
				CLANG_ENABLE_MODULES = YES;
				CLANG_ENABLE_OBJC_ARC = YES;
				CLANG_ENABLE_OBJC_WEAK = YES;
				CLANG_WARN_BLOCK_CAPTURE_AUTORELEASING = YES;
				CLANG_WARN_BOOL_CONVERSION = YES;
				CLANG_WARN_COMMA = YES;
				CLANG_WARN_CONSTANT_CONVERSION = YES;
				CLANG_WARN_DEPRECATED_OBJC_IMPLEMENTATIONS = YES;
				CLANG_WARN_DIRECT_OBJC_ISA_USAGE = YES_ERROR;
				CLANG_WARN_DOCUMENTATION_COMMENTS = YES;
				CLANG_WARN_EMPTY_BODY = YES;
				CLANG_WARN_ENUM_CONVERSION = YES;
				CLANG_WARN_INFINITE_RECURSION = YES;
				CLANG_WARN_INT_CONVERSION = YES;
				CLANG_WARN_NON_LITERAL_NULL_CONVERSION = YES;
				CLANG_WARN_OBJC_IMPLICIT_RETAIN_SELF = YES;
				CLANG_WARN_OBJC_LITERAL_CONVERSION = YES;
				CLANG_WARN_OBJC_ROOT_CLASS = YES_ERROR;
				CLANG_WARN_RANGE_LOOP_ANALYSIS = YES;
				CLANG_WARN_STRICT_PROTOTYPES = YES;
				CLANG_WARN_SUSPICIOUS_MOVE = YES;
				CLANG_WARN_UNGUARDED_AVAILABILITY = YES_AGGRESSIVE;
				CLANG_WARN_UNREACHABLE_CODE = YES;
				CLANG_WARN__DUPLICATE_METHOD_MATCH = YES;
				COPY_PHASE_STRIP = NO;
				DEBUG_INFORMATION_FORMAT = dwarf;
				ENABLE_STRICT_OBJC_MSGSEND = YES;
				ENABLE_TESTABILITY = YES;
				GCC_C_LANGUAGE_STANDARD = gnu11;
				GCC_DYNAMIC_NO_PIC = NO;
				GCC_NO_COMMON_BLOCKS = YES;
				GCC_OPTIMIZATION_LEVEL = 0;
				GCC_PREPROCESSOR_DEFINITIONS = (
					"DEBUG=1",
					"$(inherited)",
				);
				GCC_WARN_64_TO_32_BIT_CONVERSION = YES;
				GCC_WARN_ABOUT_RETURN_TYPE = YES_ERROR;
				GCC_WARN_UNDECLARED_SELECTOR = YES;
				GCC_WARN_UNINITIALIZED_AUTOS = YES_AGGRESSIVE;
				GCC_WARN_UNUSED_FUNCTION = YES;
				GCC_WARN_UNUSED_VARIABLE = YES;
				IPHONEOS_DEPLOYMENT_TARGET = 13.2;
				MTL_ENABLE_DEBUG_INFO = INCLUDE_SOURCE;
				MTL_FAST_MATH = YES;
				ONLY_ACTIVE_ARCH = YES;
				SDKROOT = iphoneos;
				SWIFT_ACTIVE_COMPILATION_CONDITIONS = DEBUG;
				SWIFT_OPTIMIZATION_LEVEL = "-Onone";
			};
			name = Debug;
		};
		9FC9510E24669E9800E4F6BE /* Release */ = {
			isa = XCBuildConfiguration;
			buildSettings = {
				ALWAYS_SEARCH_USER_PATHS = NO;
				CLANG_ANALYZER_NONNULL = YES;
				CLANG_ANALYZER_NUMBER_OBJECT_CONVERSION = YES_AGGRESSIVE;
				CLANG_CXX_LANGUAGE_STANDARD = "gnu++14";
				CLANG_CXX_LIBRARY = "libc++";
				CLANG_ENABLE_MODULES = YES;
				CLANG_ENABLE_OBJC_ARC = YES;
				CLANG_ENABLE_OBJC_WEAK = YES;
				CLANG_WARN_BLOCK_CAPTURE_AUTORELEASING = YES;
				CLANG_WARN_BOOL_CONVERSION = YES;
				CLANG_WARN_COMMA = YES;
				CLANG_WARN_CONSTANT_CONVERSION = YES;
				CLANG_WARN_DEPRECATED_OBJC_IMPLEMENTATIONS = YES;
				CLANG_WARN_DIRECT_OBJC_ISA_USAGE = YES_ERROR;
				CLANG_WARN_DOCUMENTATION_COMMENTS = YES;
				CLANG_WARN_EMPTY_BODY = YES;
				CLANG_WARN_ENUM_CONVERSION = YES;
				CLANG_WARN_INFINITE_RECURSION = YES;
				CLANG_WARN_INT_CONVERSION = YES;
				CLANG_WARN_NON_LITERAL_NULL_CONVERSION = YES;
				CLANG_WARN_OBJC_IMPLICIT_RETAIN_SELF = YES;
				CLANG_WARN_OBJC_LITERAL_CONVERSION = YES;
				CLANG_WARN_OBJC_ROOT_CLASS = YES_ERROR;
				CLANG_WARN_RANGE_LOOP_ANALYSIS = YES;
				CLANG_WARN_STRICT_PROTOTYPES = YES;
				CLANG_WARN_SUSPICIOUS_MOVE = YES;
				CLANG_WARN_UNGUARDED_AVAILABILITY = YES_AGGRESSIVE;
				CLANG_WARN_UNREACHABLE_CODE = YES;
				CLANG_WARN__DUPLICATE_METHOD_MATCH = YES;
				COPY_PHASE_STRIP = NO;
				DEBUG_INFORMATION_FORMAT = "dwarf-with-dsym";
				ENABLE_NS_ASSERTIONS = NO;
				ENABLE_STRICT_OBJC_MSGSEND = YES;
				GCC_C_LANGUAGE_STANDARD = gnu11;
				GCC_NO_COMMON_BLOCKS = YES;
				GCC_WARN_64_TO_32_BIT_CONVERSION = YES;
				GCC_WARN_ABOUT_RETURN_TYPE = YES_ERROR;
				GCC_WARN_UNDECLARED_SELECTOR = YES;
				GCC_WARN_UNINITIALIZED_AUTOS = YES_AGGRESSIVE;
				GCC_WARN_UNUSED_FUNCTION = YES;
				GCC_WARN_UNUSED_VARIABLE = YES;
				IPHONEOS_DEPLOYMENT_TARGET = 13.2;
				MTL_ENABLE_DEBUG_INFO = NO;
				MTL_FAST_MATH = YES;
				SDKROOT = iphoneos;
				SWIFT_COMPILATION_MODE = wholemodule;
				SWIFT_OPTIMIZATION_LEVEL = "-O";
				VALIDATE_PRODUCT = YES;
			};
			name = Release;
		};
		9FC9511024669E9800E4F6BE /* Debug */ = {
			isa = XCBuildConfiguration;
			buildSettings = {
				ASSETCATALOG_COMPILER_APPICON_NAME = AppIcon;
				CODE_SIGN_STYLE = Automatic;
				DEVELOPMENT_TEAM = NYX5QCYS9V;
				INFOPLIST_FILE = BeyondColors/Info.plist;
				LD_RUNPATH_SEARCH_PATHS = (
					"$(inherited)",
					"@executable_path/Frameworks",
				);
				PRODUCT_BUNDLE_IDENTIFIER = PADS.BeyondColors;
				PRODUCT_NAME = "$(TARGET_NAME)";
				SWIFT_VERSION = 5.0;
				TARGETED_DEVICE_FAMILY = 1;
			};
			name = Debug;
		};
		9FC9511124669E9800E4F6BE /* Release */ = {
			isa = XCBuildConfiguration;
			buildSettings = {
				ASSETCATALOG_COMPILER_APPICON_NAME = AppIcon;
				CODE_SIGN_STYLE = Automatic;
				DEVELOPMENT_TEAM = NYX5QCYS9V;
				INFOPLIST_FILE = BeyondColors/Info.plist;
				LD_RUNPATH_SEARCH_PATHS = (
					"$(inherited)",
					"@executable_path/Frameworks",
				);
				PRODUCT_BUNDLE_IDENTIFIER = PADS.BeyondColors;
				PRODUCT_NAME = "$(TARGET_NAME)";
				SWIFT_VERSION = 5.0;
				TARGETED_DEVICE_FAMILY = 1;
			};
			name = Release;
		};
/* End XCBuildConfiguration section */

/* Begin XCConfigurationList section */
		9FC950F624669E9100E4F6BE /* Build configuration list for PBXProject "BeyondColors" */ = {
			isa = XCConfigurationList;
			buildConfigurations = (
				9FC9510D24669E9800E4F6BE /* Debug */,
				9FC9510E24669E9800E4F6BE /* Release */,
			);
			defaultConfigurationIsVisible = 0;
			defaultConfigurationName = Release;
		};
		9FC9510F24669E9800E4F6BE /* Build configuration list for PBXNativeTarget "BeyondColors" */ = {
			isa = XCConfigurationList;
			buildConfigurations = (
				9FC9511024669E9800E4F6BE /* Debug */,
				9FC9511124669E9800E4F6BE /* Release */,
			);
			defaultConfigurationIsVisible = 0;
			defaultConfigurationName = Release;
		};
/* End XCConfigurationList section */
	};
	rootObject = 9FC950F324669E9100E4F6BE /* Project object */;
}
